{
  "name": "create-react-app",
  "version": "0.1.0",
  "lockfileVersion": 1,
  "dependencies": {
    "react-native-hpicker": {
      "version": "1.0.5",
      "resolved": "https://registry.npmjs.org/react-native-hpicker/-/react-native-hpicker-1.0.5.tgz",
      "integrity": "sha1-Bd8nL0xdrSY6JL+2OLg9LBhAe1A="
    }
  }
}
